
Microsoft Visual Studio Solution File, Format Version 12.00
# Visual Studio Version 17
VisualStudioVersion = 17.7.34202.233
MinimumVisualStudioVersion = 10.0.40219.1
Project("{FAE04EC0-301F-11D3-BF4B-00C04F79EFBC}") = "RPSLS Lab", "RPSLS Lab\RPSLS Lab.csproj", "{A33F0C5C-39A6-4BCD-A934-0641EA1D00C4}"
EndProject
Global
	GlobalSection(SolutionConfigurationPlatforms) = preSolution
		Debug|Any CPU = Debug|Any CPU
		Release|Any CPU = Release|Any CPU
	EndGlobalSection
	GlobalSection(ProjectConfigurationPlatforms) = postSolution
		{A33F0C5C-39A6-4BCD-A934-0641EA1D00C4}.Debug|Any CPU.ActiveCfg = Debug|Any CPU
		{A33F0C5C-39A6-4BCD-A934-0641EA1D00C4}.Debug|Any CPU.Build.0 = Debug|Any CPU
		{A33F0C5C-39A6-4BCD-A934-0641EA1D00C4}.Release|Any CPU.ActiveCfg = Release|Any CPU
		{A33F0C5C-39A6-4BCD-A934-0641EA1D00C4}.Release|Any CPU.Build.0 = Release|Any CPU
	EndGlobalSection
	GlobalSection(SolutionProperties) = preSolution
		HideSolutionNode = FALSE
	EndGlobalSection
	GlobalSection(ExtensibilityGlobals) = postSolution
		SolutionGuid = {6E9E4150-126E-44E4-874A-2B44DEBAECC4}
	EndGlobalSection
EndGlobal
